<?xml version="1.0" encoding="UTF-8" standalone="yes" ?>
<CodeBlocks_project_file>
	<FileVersion major="1" minor="6" />
	<Project>
		<Option title="CommandBasedGame" />
		<Option pch_mode="2" />
		<Option compiler="gcc" />
		<Build>
			<Target title="Debug">
				<Option output="bin/Debug/CommandBasedGame" prefix_auto="1" extension_auto="1" />
				<Option object_output="obj/Debug/" />
				<Option type="0" />
				<Option compiler="gcc" />
				<Option projectLinkerOptionsRelation="2" />
				<Compiler>
					<Add option="-std=c++11" />
					<Add option="-g" />
					<Add directory="$(#wx)/lib/gcc_lib/mswud" />
				</Compiler>
				<ResourceCompiler>
					<Add directory="$(#wx)/lib/gcc_lib/mswud" />
				</ResourceCompiler>
				<Linker>
					<Add library="libwxmsw30ud_core.a" />
					<Add library="libwxbase30ud.a" />
					<Add library="libwxpngd.a" />
					<Add library="libwxzlibd.a" />
					<Add library="libwxjpegd.a" />
					<Add library="libwxtiffd.a" />
					<Add directory="$(#wx)/lib/gcc_lib/" />
				</Linker>
			</Target>
			<Target title="Release">
				<Option output="bin/Release/CommandBasedGame" prefix_auto="1" extension_auto="1" />
				<Option object_output="obj/Release/" />
				<Option type="0" />
				<Option compiler="gcc" />
				<Option projectLinkerOptionsRelation="2" />
				<Compiler>
					<Add option="-fexpensive-optimizations" />
					<Add option="-O3" />
					<Add option="-std=c++11" />
					<Add directory="$(#wx)/lib/gcc_lib/mswu" />
				</Compiler>
				<ResourceCompiler>
					<Add directory="$(#wx)/lib/gcc_lib/mswu" />
				</ResourceCompiler>
				<Linker>
					<Add option="-s" />
					<Add library="libwxmsw30u_core.a" />
					<Add library="libwxbase30u.a" />
					<Add library="libwxpng.a" />
					<Add library="libwxjpeg.a" />
					<Add library="libwxtiff.a" />
					<Add library="libwxzlib.a" />
					<Add directory="$(#wx)/lib/gcc_lib" />
				</Linker>
			</Target>
		</Build>
		<Compiler>
			<Add option="-Wall" />
			<Add option="-fexceptions" />
			<Add option="-pipe" />
			<Add option="-D__GNUWIN32__" />
			<Add option="-D__WXMSW__" />
			<Add option="-DwxUSE_UNICODE" />
			<Add option="-DWX_PRECOMP" />
			<Add directory="$(#wx)/include" />
		</Compiler>
		<ResourceCompiler>
			<Add directory="$(#wx)/include" />
		</ResourceCompiler>
		<Linker>
			<Add option="-static" />
			<Add option="-mthreads" />
			<Add library="libcomctl32.a" />
			<Add library="libole32.a" />
			<Add library="libuuid.a" />
			<Add library="liboleaut32.a" />
			<Add library="libwinspool.a" />
		</Linker>
		<Unit filename="GameLogic/CombatHandler/Combat.cpp" />
		<Unit filename="GameLogic/CombatHandler/Combat.h" />
		<Unit filename="GameLogic/InputHandler/commandDefine.cpp" />
		<Unit filename="GameLogic/InputHandler/commandDefine.h" />
		<Unit filename="GameLogic/InputHandler/commandHandler.cpp" />
		<Unit filename="GameLogic/InputHandler/commandHandler.h" />
		<Unit filename="GameLogic/InventoryHandler/InventoryHandler.cpp" />
		<Unit filename="GameLogic/InventoryHandler/InventoryHandler.h" />
		<Unit filename="GameLogic/InventoryHandler/Item.h" />
		<Unit filename="GameLogic/NPCHandler/NPC.h" />
		<Unit filename="GameLogic/NPCHandler/NPCEvent.cpp" />
		<Unit filename="GameLogic/NPCHandler/NPCEvent.h" />
		<Unit filename="GameLogic/PlayerHandler/PlayerStatus.cpp" />
		<Unit filename="GameLogic/PlayerHandler/PlayerStatusHandler.h" />
		<Unit filename="GameplayLogic/WorldHandler/WorldGen.cpp" />
		<Unit filename="Images/Icon.ico" />
		<Unit filename="Images/Icon.png" />
		<Unit filename="UX/About.cpp" />
		<Unit filename="UX/About.h" />
		<Unit filename="UX/Frame.h" />
		<Unit filename="UX/main.cpp" />
		<Unit filename="common/errorhandler.cpp" />
		<Unit filename="common/errorhandler.h" />
		<Unit filename="common/randomizer.cpp" />
		<Unit filename="common/randomizer.h" />
		<Unit filename="init.cpp" />
		<Unit filename="main.rc">
			<Option compilerVar="WINDRES" />
		</Unit>
		<Unit filename="version.h" />
		<Extensions>
			<code_completion />
			<envvars />
			<debugger />
			<lib_finder disable_auto="1" />
			<AutoVersioning>
				<Scheme minor_max="20" build_max="100" rev_max="0" rev_rand_max="25" build_times_to_increment_minor="100" />
				<Settings autoincrement="1" date_declarations="1" use_define="0" update_manifest="0" do_auto_increment="1" ask_to_increment="0" language="C++" svn="0" svn_directory="" header_path="version.h" />
				<Changes_Log show_changes_editor="0" app_title="released version %M.%m.%b of %p" changeslog_path="ChangesLog.txt" />
				<Code header_guard="VERSION_H" namespace="AutoVersion" prefix="" />
			</AutoVersioning>
		</Extensions>
	</Project>
</CodeBlocks_project_file>
