
Microsoft Visual Studio Solution File, Format Version 12.00
# Visual Studio 2013
VisualStudioVersion = 12.0.31101.0
MinimumVisualStudioVersion = 10.0.40219.1
Project("{FAE04EC0-301F-11D3-BF4B-00C04F79EFBC}") = "Text-Based Game", "Text-Based Game\Text-Based Game.csproj", "{B33820EE-0560-49C5-9BA9-B019CEFB5E29}"
EndProject
Global
	GlobalSection(SolutionConfigurationPlatforms) = preSolution
		Debug|Any CPU = Debug|Any CPU
		Release|Any CPU = Release|Any CPU
	EndGlobalSection
	GlobalSection(ProjectConfigurationPlatforms) = postSolution
		{B33820EE-0560-49C5-9BA9-B019CEFB5E29}.Debug|Any CPU.ActiveCfg = Debug|Any CPU
		{B33820EE-0560-49C5-9BA9-B019CEFB5E29}.Debug|Any CPU.Build.0 = Debug|Any CPU
		{B33820EE-0560-49C5-9BA9-B019CEFB5E29}.Release|Any CPU.ActiveCfg = Release|Any CPU
		{B33820EE-0560-49C5-9BA9-B019CEFB5E29}.Release|Any CPU.Build.0 = Release|Any CPU
	EndGlobalSection
	GlobalSection(SolutionProperties) = preSolution
		HideSolutionNode = FALSE
	EndGlobalSection
EndGlobal
