<?xml version="1.0" encoding="UTF-8" standalone="yes" ?>
<CodeBlocks_project_file>
	<FileVersion major="1" minor="6" />
	<Project>
		<Option title="Command Based Game" />
		<Option pch_mode="2" />
		<Option compiler="gcc" />
		<Build>
			<Target title="default">
				<Option output="Text Based Game" prefix_auto="1" extension_auto="1" />
				<Option type="0" />
				<Option compiler="gcc" />
			</Target>
		</Build>
		<Unit filename="Form/AboutFrm.cpp" />
		<Unit filename="Form/AboutFrm.h" />
		<Unit filename="Form/AboutFrm.wxform" />
		<Unit filename="Form/Game-MainFrm.cpp" />
		<Unit filename="Form/Game-MainFrm.h" />
		<Unit filename="Form/Game-MainFrm.wxform" />
		<Unit filename="main.cpp" />
		<Unit filename="main.h" />
		<Unit filename="main.rc">
			<Option compilerVar="CPP" />
		</Unit>
		<Extensions>
			<code_completion />
			<envvars />
			<debugger />
		</Extensions>
	</Project>
</CodeBlocks_project_file>
